// !$*UTF8*$!
{
	archiveVersion = 1;
	classes = {
	};
	objectVersion = 56;
	objects = {

/* Begin PBXBuildFile section */
		5ABE9D0B2BEF6E90002213F2 /* AICounselingApp.swift in Sources */ = {isa = PBXBuildFile; fileRef = 5ABE9D0A2BEF6E90002213F2 /* AICounselingApp.swift */; };
		5ABE9D0D2BEF6E90002213F2 /* ContentView.swift in Sources */ = {isa = PBXBuildFile; fileRef = 5ABE9D0C2BEF6E90002213F2 /* ContentView.swift */; };
		5ABE9D0F2BEF6E91002213F2 /* Assets.xcassets in Resources */ = {isa = PBXBuildFile; fileRef = 5ABE9D0E2BEF6E91002213F2 /* Assets.xcassets */; };
		5ABE9D122BEF6E91002213F2 /* Preview Assets.xcassets in Resources */ = {isa = PBXBuildFile; fileRef = 5ABE9D112BEF6E91002213F2 /* Preview Assets.xcassets */; };
		5ABE9D192BEF6EDC002213F2 /* TopView.swift in Sources */ = {isa = PBXBuildFile; fileRef = 5ABE9D182BEF6EDC002213F2 /* TopView.swift */; };
		5ABE9D1B2BEF6EF8002213F2 /* voiceChat.swift in Sources */ = {isa = PBXBuildFile; fileRef = 5ABE9D1A2BEF6EF8002213F2 /* voiceChat.swift */; };
		5ABE9D1D2BEF6F11002213F2 /* MessageView.swift in Sources */ = {isa = PBXBuildFile; fileRef = 5ABE9D1C2BEF6F11002213F2 /* MessageView.swift */; };
		5ABE9D1F2BEF6F23002213F2 /* SpeechRecorder.swift in Sources */ = {isa = PBXBuildFile; fileRef = 5ABE9D1E2BEF6F23002213F2 /* SpeechRecorder.swift */; };
		5ABE9D212BEF6F36002213F2 /* testTTS.swift in Sources */ = {isa = PBXBuildFile; fileRef = 5ABE9D202BEF6F36002213F2 /* testTTS.swift */; };
		5ABE9D232BEF6F4C002213F2 /* ChatGPTService.swift in Sources */ = {isa = PBXBuildFile; fileRef = 5ABE9D222BEF6F4C002213F2 /* ChatGPTService.swift */; };
		5ABE9D262BEF6F94002213F2 /* SwiftOpenAI in Frameworks */ = {isa = PBXBuildFile; productRef = 5ABE9D252BEF6F94002213F2 /* SwiftOpenAI */; };
		5ABE9D292BEF6FAE002213F2 /* OpenAISwift in Frameworks */ = {isa = PBXBuildFile; productRef = 5ABE9D282BEF6FAE002213F2 /* OpenAISwift */; };
/* End PBXBuildFile section */

/* Begin PBXFileReference section */
		5ABE9D072BEF6E90002213F2 /* AICounseling.app */ = {isa = PBXFileReference; explicitFileType = wrapper.application; includeInIndex = 0; path = AICounseling.app; sourceTree = BUILT_PRODUCTS_DIR; };
		5ABE9D0A2BEF6E90002213F2 /* AICounselingApp.swift */ = {isa = PBXFileReference; lastKnownFileType = sourcecode.swift; path = AICounselingApp.swift; sourceTree = "<group>"; };
		5ABE9D0C2BEF6E90002213F2 /* ContentView.swift */ = {isa = PBXFileReference; lastKnownFileType = sourcecode.swift; path = ContentView.swift; sourceTree = "<group>"; };
		5ABE9D0E2BEF6E91002213F2 /* Assets.xcassets */ = {isa = PBXFileReference; lastKnownFileType = folder.assetcatalog; path = Assets.xcassets; sourceTree = "<group>"; };
		5ABE9D112BEF6E91002213F2 /* Preview Assets.xcassets */ = {isa = PBXFileReference; lastKnownFileType = folder.assetcatalog; path = "Preview Assets.xcassets"; sourceTree = "<group>"; };
		5ABE9D182BEF6EDC002213F2 /* TopView.swift */ = {isa = PBXFileReference; lastKnownFileType = sourcecode.swift; path = TopView.swift; sourceTree = "<group>"; };
		5ABE9D1A2BEF6EF8002213F2 /* voiceChat.swift */ = {isa = PBXFileReference; lastKnownFileType = sourcecode.swift; path = voiceChat.swift; sourceTree = "<group>"; };
		5ABE9D1C2BEF6F11002213F2 /* MessageView.swift */ = {isa = PBXFileReference; lastKnownFileType = sourcecode.swift; path = MessageView.swift; sourceTree = "<group>"; };
		5ABE9D1E2BEF6F23002213F2 /* SpeechRecorder.swift */ = {isa = PBXFileReference; lastKnownFileType = sourcecode.swift; path = SpeechRecorder.swift; sourceTree = "<group>"; };
		5ABE9D202BEF6F36002213F2 /* testTTS.swift */ = {isa = PBXFileReference; lastKnownFileType = sourcecode.swift; path = testTTS.swift; sourceTree = "<group>"; };
		5ABE9D222BEF6F4C002213F2 /* ChatGPTService.swift */ = {isa = PBXFileReference; lastKnownFileType = sourcecode.swift; path = ChatGPTService.swift; sourceTree = "<group>"; };
/* End PBXFileReference section */

/* Begin PBXFrameworksBuildPhase section */
		5ABE9D042BEF6E90002213F2 /* Frameworks */ = {
			isa = PBXFrameworksBuildPhase;
			buildActionMask = 2147483647;
			files = (
				5ABE9D292BEF6FAE002213F2 /* OpenAISwift in Frameworks */,
				5ABE9D262BEF6F94002213F2 /* SwiftOpenAI in Frameworks */,
			);
			runOnlyForDeploymentPostprocessing = 0;
		};
/* End PBXFrameworksBuildPhase section */

/* Begin PBXGroup section */
		5ABE9CFE2BEF6E90002213F2 = {
			isa = PBXGroup;
			children = (
				5ABE9D092BEF6E90002213F2 /* AICounseling */,
				5ABE9D082BEF6E90002213F2 /* Products */,
			);
			sourceTree = "<group>";
		};
		5ABE9D082BEF6E90002213F2 /* Products */ = {
			isa = PBXGroup;
			children = (
				5ABE9D072BEF6E90002213F2 /* AICounseling.app */,
			);
			name = Products;
			sourceTree = "<group>";
		};
		5ABE9D092BEF6E90002213F2 /* AICounseling */ = {
			isa = PBXGroup;
			children = (
				5ABE9D0A2BEF6E90002213F2 /* AICounselingApp.swift */,
				5ABE9D0C2BEF6E90002213F2 /* ContentView.swift */,
				5ABE9D0E2BEF6E91002213F2 /* Assets.xcassets */,
				5ABE9D102BEF6E91002213F2 /* Preview Content */,
				5ABE9D182BEF6EDC002213F2 /* TopView.swift */,
				5ABE9D1A2BEF6EF8002213F2 /* voiceChat.swift */,
				5ABE9D1C2BEF6F11002213F2 /* MessageView.swift */,
				5ABE9D1E2BEF6F23002213F2 /* SpeechRecorder.swift */,
				5ABE9D202BEF6F36002213F2 /* testTTS.swift */,
				5ABE9D222BEF6F4C002213F2 /* ChatGPTService.swift */,
			);
			path = AICounseling;
			sourceTree = "<group>";
		};
		5ABE9D102BEF6E91002213F2 /* Preview Content */ = {
			isa = PBXGroup;
			children = (
				5ABE9D112BEF6E91002213F2 /* Preview Assets.xcassets */,
			);
			path = "Preview Content";
			sourceTree = "<group>";
		};
/* End PBXGroup section */

/* Begin PBXNativeTarget section */
		5ABE9D062BEF6E90002213F2 /* AICounseling */ = {
			isa = PBXNativeTarget;
			buildConfigurationList = 5ABE9D152BEF6E91002213F2 /* Build configuration list for PBXNativeTarget "AICounseling" */;
			buildPhases = (
				5ABE9D032BEF6E90002213F2 /* Sources */,
				5ABE9D042BEF6E90002213F2 /* Frameworks */,
				5ABE9D052BEF6E90002213F2 /* Resources */,
			);
			buildRules = (
			);
			dependencies = (
			);
			name = AICounseling;
			packageProductDependencies = (
				5ABE9D252BEF6F94002213F2 /* SwiftOpenAI */,
				5ABE9D282BEF6FAE002213F2 /* OpenAISwift */,
			);
			productName = AICounseling;
			productReference = 5ABE9D072BEF6E90002213F2 /* AICounseling.app */;
			productType = "com.apple.product-type.application";
		};
/* End PBXNativeTarget section */

/* Begin PBXProject section */
		5ABE9CFF2BEF6E90002213F2 /* Project object */ = {
			isa = PBXProject;
			attributes = {
				BuildIndependentTargetsInParallel = 1;
				LastSwiftUpdateCheck = 1530;
				LastUpgradeCheck = 1530;
				TargetAttributes = {
					5ABE9D062BEF6E90002213F2 = {
						CreatedOnToolsVersion = 15.3;
					};
				};
			};
			buildConfigurationList = 5ABE9D022BEF6E90002213F2 /* Build configuration list for PBXProject "AICounseling" */;
			compatibilityVersion = "Xcode 14.0";
			developmentRegion = en;
			hasScannedForEncodings = 0;
			knownRegions = (
				en,
				Base,
			);
			mainGroup = 5ABE9CFE2BEF6E90002213F2;
			packageReferences = (
				5ABE9D242BEF6F94002213F2 /* XCRemoteSwiftPackageReference "SwiftOpenAI" */,
				5ABE9D272BEF6FAE002213F2 /* XCRemoteSwiftPackageReference "OpenAISwift" */,
			);
			productRefGroup = 5ABE9D082BEF6E90002213F2 /* Products */;
			projectDirPath = "";
			projectRoot = "";
			targets = (
				5ABE9D062BEF6E90002213F2 /* AICounseling */,
			);
		};
/* End PBXProject section */

/* Begin PBXResourcesBuildPhase section */
		5ABE9D052BEF6E90002213F2 /* Resources */ = {
			isa = PBXResourcesBuildPhase;
			buildActionMask = 2147483647;
			files = (
				5ABE9D122BEF6E91002213F2 /* Preview Assets.xcassets in Resources */,
				5ABE9D0F2BEF6E91002213F2 /* Assets.xcassets in Resources */,
			);
			runOnlyForDeploymentPostprocessing = 0;
		};
/* End PBXResourcesBuildPhase section */

/* Begin PBXSourcesBuildPhase section */
		5ABE9D032BEF6E90002213F2 /* Sources */ = {
			isa = PBXSourcesBuildPhase;
			buildActionMask = 2147483647;
			files = (
				5ABE9D1B2BEF6EF8002213F2 /* voiceChat.swift in Sources */,
				5ABE9D212BEF6F36002213F2 /* testTTS.swift in Sources */,
				5ABE9D1F2BEF6F23002213F2 /* SpeechRecorder.swift in Sources */,
				5ABE9D232BEF6F4C002213F2 /* ChatGPTService.swift in Sources */,
				5ABE9D0D2BEF6E90002213F2 /* ContentView.swift in Sources */,
				5ABE9D192BEF6EDC002213F2 /* TopView.swift in Sources */,
				5ABE9D0B2BEF6E90002213F2 /* AICounselingApp.swift in Sources */,
				5ABE9D1D2BEF6F11002213F2 /* MessageView.swift in Sources */,
			);
			runOnlyForDeploymentPostprocessing = 0;
		};
/* End PBXSourcesBuildPhase section */

/* Begin XCBuildConfiguration section */
		5ABE9D132BEF6E91002213F2 /* Debug */ = {
			isa = XCBuildConfiguration;
			buildSettings = {
				ALWAYS_SEARCH_USER_PATHS = NO;
				ASSETCATALOG_COMPILER_GENERATE_SWIFT_ASSET_SYMBOL_EXTENSIONS = YES;
				CLANG_ANALYZER_NONNULL = YES;
				CLANG_ANALYZER_NUMBER_OBJECT_CONVERSION = YES_AGGRESSIVE;
				CLANG_CXX_LANGUAGE_STANDARD = "gnu++20";
				CLANG_ENABLE_MODULES = YES;
				CLANG_ENABLE_OBJC_ARC = YES;
				CLANG_ENABLE_OBJC_WEAK = YES;
				CLANG_WARN_BLOCK_CAPTURE_AUTORELEASING = YES;
				CLANG_WARN_BOOL_CONVERSION = YES;
				CLANG_WARN_COMMA = YES;
				CLANG_WARN_CONSTANT_CONVERSION = YES;
				CLANG_WARN_DEPRECATED_OBJC_IMPLEMENTATIONS = YES;
				CLANG_WARN_DIRECT_OBJC_ISA_USAGE = YES_ERROR;
				CLANG_WARN_DOCUMENTATION_COMMENTS = YES;
				CLANG_WARN_EMPTY_BODY = YES;
				CLANG_WARN_ENUM_CONVERSION = YES;
				CLANG_WARN_INFINITE_RECURSION = YES;
				CLANG_WARN_INT_CONVERSION = YES;
				CLANG_WARN_NON_LITERAL_NULL_CONVERSION = YES;
				CLANG_WARN_OBJC_IMPLICIT_RETAIN_SELF = YES;
				CLANG_WARN_OBJC_LITERAL_CONVERSION = YES;
				CLANG_WARN_OBJC_ROOT_CLASS = YES_ERROR;
				CLANG_WARN_QUOTED_INCLUDE_IN_FRAMEWORK_HEADER = YES;
				CLANG_WARN_RANGE_LOOP_ANALYSIS = YES;
				CLANG_WARN_STRICT_PROTOTYPES = YES;
				CLANG_WARN_SUSPICIOUS_MOVE = YES;
				CLANG_WARN_UNGUARDED_AVAILABILITY = YES_AGGRESSIVE;
				CLANG_WARN_UNREACHABLE_CODE = YES;
				CLANG_WARN__DUPLICATE_METHOD_MATCH = YES;
				COPY_PHASE_STRIP = NO;
				DEBUG_INFORMATION_FORMAT = dwarf;
				ENABLE_STRICT_OBJC_MSGSEND = YES;
				ENABLE_TESTABILITY = YES;
				ENABLE_USER_SCRIPT_SANDBOXING = YES;
				GCC_C_LANGUAGE_STANDARD = gnu17;
				GCC_DYNAMIC_NO_PIC = NO;
				GCC_NO_COMMON_BLOCKS = YES;
				GCC_OPTIMIZATION_LEVEL = 0;
				GCC_PREPROCESSOR_DEFINITIONS = (
					"DEBUG=1",
					"$(inherited)",
				);
				GCC_WARN_64_TO_32_BIT_CONVERSION = YES;
				GCC_WARN_ABOUT_RETURN_TYPE = YES_ERROR;
				GCC_WARN_UNDECLARED_SELECTOR = YES;
				GCC_WARN_UNINITIALIZED_AUTOS = YES_AGGRESSIVE;
				GCC_WARN_UNUSED_FUNCTION = YES;
				GCC_WARN_UNUSED_VARIABLE = YES;
				IPHONEOS_DEPLOYMENT_TARGET = 17.4;
				LOCALIZATION_PREFERS_STRING_CATALOGS = YES;
				MTL_ENABLE_DEBUG_INFO = INCLUDE_SOURCE;
				MTL_FAST_MATH = YES;
				ONLY_ACTIVE_ARCH = YES;
				SDKROOT = iphoneos;
				SWIFT_ACTIVE_COMPILATION_CONDITIONS = "DEBUG $(inherited)";
				SWIFT_OPTIMIZATION_LEVEL = "-Onone";
			};
			name = Debug;
		};
		5ABE9D142BEF6E91002213F2 /* Release */ = {
			isa = XCBuildConfiguration;
			buildSettings = {
				ALWAYS_SEARCH_USER_PATHS = NO;
				ASSETCATALOG_COMPILER_GENERATE_SWIFT_ASSET_SYMBOL_EXTENSIONS = YES;
				CLANG_ANALYZER_NONNULL = YES;
				CLANG_ANALYZER_NUMBER_OBJECT_CONVERSION = YES_AGGRESSIVE;
				CLANG_CXX_LANGUAGE_STANDARD = "gnu++20";
				CLANG_ENABLE_MODULES = YES;
				CLANG_ENABLE_OBJC_ARC = YES;
				CLANG_ENABLE_OBJC_WEAK = YES;
				CLANG_WARN_BLOCK_CAPTURE_AUTORELEASING = YES;
				CLANG_WARN_BOOL_CONVERSION = YES;
				CLANG_WARN_COMMA = YES;
				CLANG_WARN_CONSTANT_CONVERSION = YES;
				CLANG_WARN_DEPRECATED_OBJC_IMPLEMENTATIONS = YES;
				CLANG_WARN_DIRECT_OBJC_ISA_USAGE = YES_ERROR;
				CLANG_WARN_DOCUMENTATION_COMMENTS = YES;
				CLANG_WARN_EMPTY_BODY = YES;
				CLANG_WARN_ENUM_CONVERSION = YES;
				CLANG_WARN_INFINITE_RECURSION = YES;
				CLANG_WARN_INT_CONVERSION = YES;
				CLANG_WARN_NON_LITERAL_NULL_CONVERSION = YES;
				CLANG_WARN_OBJC_IMPLICIT_RETAIN_SELF = YES;
				CLANG_WARN_OBJC_LITERAL_CONVERSION = YES;
				CLANG_WARN_OBJC_ROOT_CLASS = YES_ERROR;
				CLANG_WARN_QUOTED_INCLUDE_IN_FRAMEWORK_HEADER = YES;
				CLANG_WARN_RANGE_LOOP_ANALYSIS = YES;
				CLANG_WARN_STRICT_PROTOTYPES = YES;
				CLANG_WARN_SUSPICIOUS_MOVE = YES;
				CLANG_WARN_UNGUARDED_AVAILABILITY = YES_AGGRESSIVE;
				CLANG_WARN_UNREACHABLE_CODE = YES;
				CLANG_WARN__DUPLICATE_METHOD_MATCH = YES;
				COPY_PHASE_STRIP = NO;
				DEBUG_INFORMATION_FORMAT = "dwarf-with-dsym";
				ENABLE_NS_ASSERTIONS = NO;
				ENABLE_STRICT_OBJC_MSGSEND = YES;
				ENABLE_USER_SCRIPT_SANDBOXING = YES;
				GCC_C_LANGUAGE_STANDARD = gnu17;
				GCC_NO_COMMON_BLOCKS = YES;
				GCC_WARN_64_TO_32_BIT_CONVERSION = YES;
				GCC_WARN_ABOUT_RETURN_TYPE = YES_ERROR;
				GCC_WARN_UNDECLARED_SELECTOR = YES;
				GCC_WARN_UNINITIALIZED_AUTOS = YES_AGGRESSIVE;
				GCC_WARN_UNUSED_FUNCTION = YES;
				GCC_WARN_UNUSED_VARIABLE = YES;
				IPHONEOS_DEPLOYMENT_TARGET = 17.4;
				LOCALIZATION_PREFERS_STRING_CATALOGS = YES;
				MTL_ENABLE_DEBUG_INFO = NO;
				MTL_FAST_MATH = YES;
				SDKROOT = iphoneos;
				SWIFT_COMPILATION_MODE = wholemodule;
				VALIDATE_PRODUCT = YES;
			};
			name = Release;
		};
		5ABE9D162BEF6E91002213F2 /* Debug */ = {
			isa = XCBuildConfiguration;
			buildSettings = {
				ASSETCATALOG_COMPILER_APPICON_NAME = AppIcon;
				ASSETCATALOG_COMPILER_GLOBAL_ACCENT_COLOR_NAME = AccentColor;
				CODE_SIGN_STYLE = Automatic;
				CURRENT_PROJECT_VERSION = 1;
				DEVELOPMENT_ASSET_PATHS = "\"AICounseling/Preview Content\"";
				DEVELOPMENT_TEAM = UPP6H77N99;
				ENABLE_PREVIEWS = YES;
				GENERATE_INFOPLIST_FILE = YES;
				INFOPLIST_KEY_UIApplicationSceneManifest_Generation = YES;
				INFOPLIST_KEY_UIApplicationSupportsIndirectInputEvents = YES;
				INFOPLIST_KEY_UILaunchScreen_Generation = YES;
				INFOPLIST_KEY_UISupportedInterfaceOrientations_iPad = "UIInterfaceOrientationPortrait UIInterfaceOrientationPortraitUpsideDown UIInterfaceOrientationLandscapeLeft UIInterfaceOrientationLandscapeRight";
				INFOPLIST_KEY_UISupportedInterfaceOrientations_iPhone = "UIInterfaceOrientationPortrait UIInterfaceOrientationLandscapeLeft UIInterfaceOrientationLandscapeRight";
				LD_RUNPATH_SEARCH_PATHS = (
					"$(inherited)",
					"@executable_path/Frameworks",
				);
				MARKETING_VERSION = 1.0;
				PRODUCT_BUNDLE_IDENTIFIER = com.rsaotome.AICounseling;
				PRODUCT_NAME = "$(TARGET_NAME)";
				SWIFT_EMIT_LOC_STRINGS = YES;
				SWIFT_VERSION = 5.0;
				TARGETED_DEVICE_FAMILY = "1,2";
			};
			name = Debug;
		};
		5ABE9D172BEF6E91002213F2 /* Release */ = {
			isa = XCBuildConfiguration;
			buildSettings = {
				ASSETCATALOG_COMPILER_APPICON_NAME = AppIcon;
				ASSETCATALOG_COMPILER_GLOBAL_ACCENT_COLOR_NAME = AccentColor;
				CODE_SIGN_STYLE = Automatic;
				CURRENT_PROJECT_VERSION = 1;
				DEVELOPMENT_ASSET_PATHS = "\"AICounseling/Preview Content\"";
				DEVELOPMENT_TEAM = UPP6H77N99;
				ENABLE_PREVIEWS = YES;
				GENERATE_INFOPLIST_FILE = YES;
				INFOPLIST_KEY_UIApplicationSceneManifest_Generation = YES;
				INFOPLIST_KEY_UIApplicationSupportsIndirectInputEvents = YES;
				INFOPLIST_KEY_UILaunchScreen_Generation = YES;
				INFOPLIST_KEY_UISupportedInterfaceOrientations_iPad = "UIInterfaceOrientationPortrait UIInterfaceOrientationPortraitUpsideDown UIInterfaceOrientationLandscapeLeft UIInterfaceOrientationLandscapeRight";
				INFOPLIST_KEY_UISupportedInterfaceOrientations_iPhone = "UIInterfaceOrientationPortrait UIInterfaceOrientationLandscapeLeft UIInterfaceOrientationLandscapeRight";
				LD_RUNPATH_SEARCH_PATHS = (
					"$(inherited)",
					"@executable_path/Frameworks",
				);
				MARKETING_VERSION = 1.0;
				PRODUCT_BUNDLE_IDENTIFIER = com.rsaotome.AICounseling;
				PRODUCT_NAME = "$(TARGET_NAME)";
				SWIFT_EMIT_LOC_STRINGS = YES;
				SWIFT_VERSION = 5.0;
				TARGETED_DEVICE_FAMILY = "1,2";
			};
			name = Release;
		};
/* End XCBuildConfiguration section */

/* Begin XCConfigurationList section */
		5ABE9D022BEF6E90002213F2 /* Build configuration list for PBXProject "AICounseling" */ = {
			isa = XCConfigurationList;
			buildConfigurations = (
				5ABE9D132BEF6E91002213F2 /* Debug */,
				5ABE9D142BEF6E91002213F2 /* Release */,
			);
			defaultConfigurationIsVisible = 0;
			defaultConfigurationName = Release;
		};
		5ABE9D152BEF6E91002213F2 /* Build configuration list for PBXNativeTarget "AICounseling" */ = {
			isa = XCConfigurationList;
			buildConfigurations = (
				5ABE9D162BEF6E91002213F2 /* Debug */,
				5ABE9D172BEF6E91002213F2 /* Release */,
			);
			defaultConfigurationIsVisible = 0;
			defaultConfigurationName = Release;
		};
/* End XCConfigurationList section */

/* Begin XCRemoteSwiftPackageReference section */
		5ABE9D242BEF6F94002213F2 /* XCRemoteSwiftPackageReference "SwiftOpenAI" */ = {
			isa = XCRemoteSwiftPackageReference;
			repositoryURL = "https://github.com/SwiftBeta/SwiftOpenAI.git";
			requirement = {
				kind = upToNextMajorVersion;
				minimumVersion = 1.6.2;
			};
		};
		5ABE9D272BEF6FAE002213F2 /* XCRemoteSwiftPackageReference "OpenAISwift" */ = {
			isa = XCRemoteSwiftPackageReference;
			repositoryURL = "https://github.com/adamrushy/OpenAISwift.git";
			requirement = {
				kind = upToNextMajorVersion;
				minimumVersion = 1.4.1;
			};
		};
/* End XCRemoteSwiftPackageReference section */

/* Begin XCSwiftPackageProductDependency section */
		5ABE9D252BEF6F94002213F2 /* SwiftOpenAI */ = {
			isa = XCSwiftPackageProductDependency;
			package = 5ABE9D242BEF6F94002213F2 /* XCRemoteSwiftPackageReference "SwiftOpenAI" */;
			productName = SwiftOpenAI;
		};
		5ABE9D282BEF6FAE002213F2 /* OpenAISwift */ = {
			isa = XCSwiftPackageProductDependency;
			package = 5ABE9D272BEF6FAE002213F2 /* XCRemoteSwiftPackageReference "OpenAISwift" */;
			productName = OpenAISwift;
		};
/* End XCSwiftPackageProductDependency section */
	};
	rootObject = 5ABE9CFF2BEF6E90002213F2 /* Project object */;
}
