// !$*UTF8*$!
{
	archiveVersion = 1;
	classes = {
	};
	objectVersion = 56;
	objects = {

/* Begin PBXBuildFile section */
		5A18A57D2C1CB7A100C0643A /* MessageView.swift in Sources */ = {isa = PBXBuildFile; fileRef = 5A18A57C2C1CB7A100C0643A /* MessageView.swift */; };
		5A18A57F2C1CB7C700C0643A /* SpeechRecorder.swift in Sources */ = {isa = PBXBuildFile; fileRef = 5A18A57E2C1CB7C700C0643A /* SpeechRecorder.swift */; };
		5A18A5812C1CB7EA00C0643A /* ChatGPTService.swift in Sources */ = {isa = PBXBuildFile; fileRef = 5A18A5802C1CB7EA00C0643A /* ChatGPTService.swift */; };
		5A18A5832C1CB81800C0643A /* CreateAudioViewModel.swift in Sources */ = {isa = PBXBuildFile; fileRef = 5A18A5822C1CB81800C0643A /* CreateAudioViewModel.swift */; };
		5A18A5862C1CB88A00C0643A /* SwiftOpenAI in Frameworks */ = {isa = PBXBuildFile; productRef = 5A18A5852C1CB88A00C0643A /* SwiftOpenAI */; };
		5A1CBE8F2C1C803A0007049C /* EmpathGraphView.swift in Sources */ = {isa = PBXBuildFile; fileRef = 5A1CBE8E2C1C803A0007049C /* EmpathGraphView.swift */; };
		5A1CBE912C1C834F0007049C /* EnergyPieChartView.swift in Sources */ = {isa = PBXBuildFile; fileRef = 5A1CBE902C1C834F0007049C /* EnergyPieChartView.swift */; };
		5A23DE5F2BFFA19F00F9840B /* EmotionModel.swift in Sources */ = {isa = PBXBuildFile; fileRef = 5A23DE5E2BFFA19F00F9840B /* EmotionModel.swift */; };
		5A23DE6E2C0321CF00F9840B /* PyFeatView.swift in Sources */ = {isa = PBXBuildFile; fileRef = 5A23DE6D2C0321CF00F9840B /* PyFeatView.swift */; };
		5A23DE702C0321F600F9840B /* EmotionView.swift in Sources */ = {isa = PBXBuildFile; fileRef = 5A23DE6F2C0321F600F9840B /* EmotionView.swift */; };
		5A23DE722C03221D00F9840B /* EmotionResponse.swift in Sources */ = {isa = PBXBuildFile; fileRef = 5A23DE712C03221D00F9840B /* EmotionResponse.swift */; };
		5A23DE752C03224B00F9840B /* ImageResizer.swift in Sources */ = {isa = PBXBuildFile; fileRef = 5A23DE742C03224B00F9840B /* ImageResizer.swift */; };
		5A23DE782C03226F00F9840B /* ImageUploadService.swift in Sources */ = {isa = PBXBuildFile; fileRef = 5A23DE772C03226F00F9840B /* ImageUploadService.swift */; };
		5A23DE7B2C03236700F9840B /* ImagePicker.swift in Sources */ = {isa = PBXBuildFile; fileRef = 5A23DE7A2C03236700F9840B /* ImagePicker.swift */; };
		5A23DE7D2C032B3C00F9840B /* PieChartView.swift in Sources */ = {isa = PBXBuildFile; fileRef = 5A23DE7C2C032B3C00F9840B /* PieChartView.swift */; };
		5A23DE812C032CBE00F9840B /* PieChartSlice.swift in Sources */ = {isa = PBXBuildFile; fileRef = 5A23DE802C032CBE00F9840B /* PieChartSlice.swift */; };
		5A23DE862C03314400F9840B /* EmotionLabelView.swift in Sources */ = {isa = PBXBuildFile; fileRef = 5A23DE852C03314400F9840B /* EmotionLabelView.swift */; };
		5A23DE882C03344B00F9840B /* BarChartView.swift in Sources */ = {isa = PBXBuildFile; fileRef = 5A23DE872C03344B00F9840B /* BarChartView.swift */; };
		5A23DE8C2C03954600F9840B /* LoginView.swift in Sources */ = {isa = PBXBuildFile; fileRef = 5A23DE8B2C03954600F9840B /* LoginView.swift */; };
		5A23DE8F2C03963100F9840B /* Auth in Frameworks */ = {isa = PBXBuildFile; productRef = 5A23DE8E2C03963100F9840B /* Auth */; };
		5A23DE912C03963100F9840B /* Functions in Frameworks */ = {isa = PBXBuildFile; productRef = 5A23DE902C03963100F9840B /* Functions */; };
		5A23DE932C03963100F9840B /* PostgREST in Frameworks */ = {isa = PBXBuildFile; productRef = 5A23DE922C03963100F9840B /* PostgREST */; };
		5A23DE952C03963100F9840B /* Realtime in Frameworks */ = {isa = PBXBuildFile; productRef = 5A23DE942C03963100F9840B /* Realtime */; };
		5A23DE972C03963100F9840B /* Storage in Frameworks */ = {isa = PBXBuildFile; productRef = 5A23DE962C03963100F9840B /* Storage */; };
		5A23DE992C03963100F9840B /* Supabase in Frameworks */ = {isa = PBXBuildFile; productRef = 5A23DE982C03963100F9840B /* Supabase */; };
		5A50A01B2C1F25F700FE02BF /* SupabaseConfig.swift in Sources */ = {isa = PBXBuildFile; fileRef = 5A50A01A2C1F25F700FE02BF /* SupabaseConfig.swift */; };
		5A50A01D2C1F2CBB00FE02BF /* UpdateEmpathResponse.swift in Sources */ = {isa = PBXBuildFile; fileRef = 5A50A01C2C1F2CBB00FE02BF /* UpdateEmpathResponse.swift */; };
		5A50A01F2C1F473100FE02BF /* SelectEmpathResult.swift in Sources */ = {isa = PBXBuildFile; fileRef = 5A50A01E2C1F473100FE02BF /* SelectEmpathResult.swift */; };
		5A50A0212C1F47BC00FE02BF /* EmpathResponse.swift in Sources */ = {isa = PBXBuildFile; fileRef = 5A50A0202C1F47BC00FE02BF /* EmpathResponse.swift */; };
		5A50A0232C20A03F00FE02BF /* DepressionJudgmentView.swift in Sources */ = {isa = PBXBuildFile; fileRef = 5A50A0222C20A03F00FE02BF /* DepressionJudgmentView.swift */; };
		5A50A0252C21CB7B00FE02BF /* UpdateDepressionResult.swift in Sources */ = {isa = PBXBuildFile; fileRef = 5A50A0242C21CB7B00FE02BF /* UpdateDepressionResult.swift */; };
		5A50A0272C21D0FB00FE02BF /* DepressionView.swift in Sources */ = {isa = PBXBuildFile; fileRef = 5A50A0262C21D0FB00FE02BF /* DepressionView.swift */; };
		5A50A0292C21D3B100FE02BF /* SelectDepressionResult.swift in Sources */ = {isa = PBXBuildFile; fileRef = 5A50A0282C21D3B100FE02BF /* SelectDepressionResult.swift */; };
		5A50A02B2C24843600FE02BF /* TalkSelectionView.swift in Sources */ = {isa = PBXBuildFile; fileRef = 5A50A02A2C24843600FE02BF /* TalkSelectionView.swift */; };
		5A50A02F2C26027900FE02BF /* SystemContent.swift in Sources */ = {isa = PBXBuildFile; fileRef = 5A50A02E2C26027900FE02BF /* SystemContent.swift */; };
		5A50A0332C283B7300FE02BF /* EmotionDataTransformer.swift in Sources */ = {isa = PBXBuildFile; fileRef = 5A50A0322C283B7300FE02BF /* EmotionDataTransformer.swift */; };
		5A50A0352C283FE300FE02BF /* UpdatePyFeatResponse.swift in Sources */ = {isa = PBXBuildFile; fileRef = 5A50A0342C283FE300FE02BF /* UpdatePyFeatResponse.swift */; };
		5A50A0372C2841E500FE02BF /* PyFeatResponse.swift in Sources */ = {isa = PBXBuildFile; fileRef = 5A50A0362C2841E500FE02BF /* PyFeatResponse.swift */; };
		5A50A0392C2858C300FE02BF /* SelectPyFeatResult.swift in Sources */ = {isa = PBXBuildFile; fileRef = 5A50A0382C2858C300FE02BF /* SelectPyFeatResult.swift */; };
		5A50A03D2C2B094B00FE02BF /* AnalysisEmpath.swift in Sources */ = {isa = PBXBuildFile; fileRef = 5A50A03C2C2B094B00FE02BF /* AnalysisEmpath.swift */; };
		5A50A0452C304F7700FE02BF /* TestEmpathResponse.swift in Sources */ = {isa = PBXBuildFile; fileRef = 5A50A0442C304F7700FE02BF /* TestEmpathResponse.swift */; };
		5A5FF5C02C330DE500F9CF9A /* SelectEmpathLog.swift in Sources */ = {isa = PBXBuildFile; fileRef = 5A5FF5BF2C330DE500F9CF9A /* SelectEmpathLog.swift */; };
		5A5FF5C22C33121E00F9CF9A /* EmpathProgressResponse.swift in Sources */ = {isa = PBXBuildFile; fileRef = 5A5FF5C12C33121E00F9CF9A /* EmpathProgressResponse.swift */; };
		5A5FF5C42C343AB300F9CF9A /* EmpathProgressBarChartView.swift in Sources */ = {isa = PBXBuildFile; fileRef = 5A5FF5C32C343AB300F9CF9A /* EmpathProgressBarChartView.swift */; };
		5A5FF5C62C36FE6F00F9CF9A /* StressLevel.swift in Sources */ = {isa = PBXBuildFile; fileRef = 5A5FF5C52C36FE6F00F9CF9A /* StressLevel.swift */; };
		5A5FF5CE2C3A651000F9CF9A /* CbtType.swift in Sources */ = {isa = PBXBuildFile; fileRef = 5A5FF5CD2C3A651000F9CF9A /* CbtType.swift */; };
		5A5FF5D02C3A66C700F9CF9A /* UpdateCbtType.swift in Sources */ = {isa = PBXBuildFile; fileRef = 5A5FF5CF2C3A66C700F9CF9A /* UpdateCbtType.swift */; };
		5A5FF5D62C3ADF1500F9CF9A /* DeleteLogData.swift in Sources */ = {isa = PBXBuildFile; fileRef = 5A5FF5D52C3ADF1500F9CF9A /* DeleteLogData.swift */; };
		5A5FF5D82C3AE03500F9CF9A /* LogResetFormView.swift in Sources */ = {isa = PBXBuildFile; fileRef = 5A5FF5D72C3AE03500F9CF9A /* LogResetFormView.swift */; };
		5A5FF5DA2C3AE41A00F9CF9A /* DeleteCBTLogData.swift in Sources */ = {isa = PBXBuildFile; fileRef = 5A5FF5D92C3AE41A00F9CF9A /* DeleteCBTLogData.swift */; };
		5A6D16972C0E0BB50072CA4B /* InterjectionVoice.swift in Sources */ = {isa = PBXBuildFile; fileRef = 5A6D16962C0E0BB50072CA4B /* InterjectionVoice.swift */; };
		5A8815012C9C4CA1001662F0 /* GoogleService-Info.plist in Resources */ = {isa = PBXBuildFile; fileRef = 5A8815002C9C4CA1001662F0 /* GoogleService-Info.plist */; };
		5A8815032C9C4D3D001662F0 /* ElevenLabsTTS.swift in Sources */ = {isa = PBXBuildFile; fileRef = 5A8815022C9C4D3D001662F0 /* ElevenLabsTTS.swift */; };
		5A8815072CA2E740001662F0 /* OthelloView.swift in Sources */ = {isa = PBXBuildFile; fileRef = 5A8815062CA2E740001662F0 /* OthelloView.swift */; };
		5A8DF1342C10B17C00979A47 /* (null) in Frameworks */ = {isa = PBXBuildFile; };
		5A8DF1362C10B3A100979A47 /* TextChat.swift in Sources */ = {isa = PBXBuildFile; fileRef = 5A8DF1352C10B3A100979A47 /* TextChat.swift */; };
		5A8DF1382C10C22900979A47 /* CounselorList.swift in Sources */ = {isa = PBXBuildFile; fileRef = 5A8DF1372C10C22900979A47 /* CounselorList.swift */; };
		5A8DF13A2C10C29200979A47 /* Counselor.swift in Sources */ = {isa = PBXBuildFile; fileRef = 5A8DF1392C10C29200979A47 /* Counselor.swift */; };
		5A8DF13C2C10C94600979A47 /* MainView.swift in Sources */ = {isa = PBXBuildFile; fileRef = 5A8DF13B2C10C94600979A47 /* MainView.swift */; };
		5A8DF13E2C148D5600979A47 /* ContentViewWithMenu.swift in Sources */ = {isa = PBXBuildFile; fileRef = 5A8DF13D2C148D5600979A47 /* ContentViewWithMenu.swift */; };
		5A8DF1412C14C5AD00979A47 /* (null) in Frameworks */ = {isa = PBXBuildFile; };
		5A8DF1432C15E01C00979A47 /* AudioRecorder.swift in Sources */ = {isa = PBXBuildFile; fileRef = 5A8DF1422C15E01C00979A47 /* AudioRecorder.swift */; };
		5A8DF1452C15E0B100979A47 /* analyzeWav.swift in Sources */ = {isa = PBXBuildFile; fileRef = 5A8DF1442C15E0B100979A47 /* analyzeWav.swift */; };
		5A8DF1472C15E14400979A47 /* EmpathView.swift in Sources */ = {isa = PBXBuildFile; fileRef = 5A8DF1462C15E14400979A47 /* EmpathView.swift */; };
		5A8DF1492C15E94500979A47 /* AudioPlayer.swift in Sources */ = {isa = PBXBuildFile; fileRef = 5A8DF1482C15E94500979A47 /* AudioPlayer.swift */; };
		5AB64F812C416DA700CA3D53 /* HamburgerMenuIcon.swift in Sources */ = {isa = PBXBuildFile; fileRef = 5AB64F802C416DA700CA3D53 /* HamburgerMenuIcon.swift */; };
		5ABE9D0B2BEF6E90002213F2 /* AICounselingApp.swift in Sources */ = {isa = PBXBuildFile; fileRef = 5ABE9D0A2BEF6E90002213F2 /* AICounselingApp.swift */; };
		5ABE9D0D2BEF6E90002213F2 /* ContentView.swift in Sources */ = {isa = PBXBuildFile; fileRef = 5ABE9D0C2BEF6E90002213F2 /* ContentView.swift */; };
		5ABE9D0F2BEF6E91002213F2 /* Assets.xcassets in Resources */ = {isa = PBXBuildFile; fileRef = 5ABE9D0E2BEF6E91002213F2 /* Assets.xcassets */; };
		5ABE9D122BEF6E91002213F2 /* Preview Assets.xcassets in Resources */ = {isa = PBXBuildFile; fileRef = 5ABE9D112BEF6E91002213F2 /* Preview Assets.xcassets */; };
		5ABE9D192BEF6EDC002213F2 /* TopView.swift in Sources */ = {isa = PBXBuildFile; fileRef = 5ABE9D182BEF6EDC002213F2 /* TopView.swift */; };
		5ABE9D1B2BEF6EF8002213F2 /* voiceChat.swift in Sources */ = {isa = PBXBuildFile; fileRef = 5ABE9D1A2BEF6EF8002213F2 /* voiceChat.swift */; };
		899CE65B2C3C3804002C01E1 /* FCMManager.swift in Sources */ = {isa = PBXBuildFile; fileRef = 899CE65A2C3C3804002C01E1 /* FCMManager.swift */; };
		89A9D6762C0B6E2000FAE490 /* UserRegistView.swift in Sources */ = {isa = PBXBuildFile; fileRef = 89A9D6752C0B6E2000FAE490 /* UserRegistView.swift */; };
		89A9D6782C0B810E00FAE490 /* SessionManager.swift in Sources */ = {isa = PBXBuildFile; fileRef = 89A9D6772C0B810E00FAE490 /* SessionManager.swift */; };
		89A9D67D2C0B956C00FAE490 /* OpenAISwift in Frameworks */ = {isa = PBXBuildFile; productRef = 89A9D67C2C0B956C00FAE490 /* OpenAISwift */; };
		89C444E12C24965300179235 /* CryptoSwift in Frameworks */ = {isa = PBXBuildFile; productRef = 89C444E02C24965300179235 /* CryptoSwift */; };
		89C444E32C24996100179235 /* EncryptionAES.swift in Sources */ = {isa = PBXBuildFile; fileRef = 89C444E22C24996100179235 /* EncryptionAES.swift */; };
		89E220542C1596B200F39D2D /* FirebaseAnalytics in Frameworks */ = {isa = PBXBuildFile; productRef = 89E220532C1596B200F39D2D /* FirebaseAnalytics */; };
		89E220582C15A2D300F39D2D /* FirebaseMessaging in Frameworks */ = {isa = PBXBuildFile; productRef = 89E220572C15A2D300F39D2D /* FirebaseMessaging */; };
/* End PBXBuildFile section */

/* Begin PBXFileReference section */
		5A18A57C2C1CB7A100C0643A /* MessageView.swift */ = {isa = PBXFileReference; lastKnownFileType = sourcecode.swift; path = MessageView.swift; sourceTree = "<group>"; };
		5A18A57E2C1CB7C700C0643A /* SpeechRecorder.swift */ = {isa = PBXFileReference; lastKnownFileType = sourcecode.swift; path = SpeechRecorder.swift; sourceTree = "<group>"; };
		5A18A5802C1CB7EA00C0643A /* ChatGPTService.swift */ = {isa = PBXFileReference; lastKnownFileType = sourcecode.swift; path = ChatGPTService.swift; sourceTree = "<group>"; };
		5A18A5822C1CB81800C0643A /* CreateAudioViewModel.swift */ = {isa = PBXFileReference; lastKnownFileType = sourcecode.swift; path = CreateAudioViewModel.swift; sourceTree = "<group>"; };
		5A1CBE8E2C1C803A0007049C /* EmpathGraphView.swift */ = {isa = PBXFileReference; lastKnownFileType = sourcecode.swift; path = EmpathGraphView.swift; sourceTree = "<group>"; };
		5A1CBE902C1C834F0007049C /* EnergyPieChartView.swift */ = {isa = PBXFileReference; lastKnownFileType = sourcecode.swift; path = EnergyPieChartView.swift; sourceTree = "<group>"; };
		5A23DE552BF9537200F9840B /* .gitignore */ = {isa = PBXFileReference; lastKnownFileType = text; path = .gitignore; sourceTree = "<group>"; };
		5A23DE562BF953B900F9840B /* Info.plist */ = {isa = PBXFileReference; lastKnownFileType = text.plist; path = Info.plist; sourceTree = "<group>"; };
		5A23DE5E2BFFA19F00F9840B /* EmotionModel.swift */ = {isa = PBXFileReference; lastKnownFileType = sourcecode.swift; path = EmotionModel.swift; sourceTree = "<group>"; };
		5A23DE6D2C0321CF00F9840B /* PyFeatView.swift */ = {isa = PBXFileReference; lastKnownFileType = sourcecode.swift; path = PyFeatView.swift; sourceTree = "<group>"; };
		5A23DE6F2C0321F600F9840B /* EmotionView.swift */ = {isa = PBXFileReference; lastKnownFileType = sourcecode.swift; path = EmotionView.swift; sourceTree = "<group>"; };
		5A23DE712C03221D00F9840B /* EmotionResponse.swift */ = {isa = PBXFileReference; lastKnownFileType = sourcecode.swift; path = EmotionResponse.swift; sourceTree = "<group>"; };
		5A23DE742C03224B00F9840B /* ImageResizer.swift */ = {isa = PBXFileReference; lastKnownFileType = sourcecode.swift; path = ImageResizer.swift; sourceTree = "<group>"; };
		5A23DE772C03226F00F9840B /* ImageUploadService.swift */ = {isa = PBXFileReference; lastKnownFileType = sourcecode.swift; path = ImageUploadService.swift; sourceTree = "<group>"; };
		5A23DE7A2C03236700F9840B /* ImagePicker.swift */ = {isa = PBXFileReference; lastKnownFileType = sourcecode.swift; path = ImagePicker.swift; sourceTree = "<group>"; };
		5A23DE7C2C032B3C00F9840B /* PieChartView.swift */ = {isa = PBXFileReference; lastKnownFileType = sourcecode.swift; path = PieChartView.swift; sourceTree = "<group>"; };
		5A23DE802C032CBE00F9840B /* PieChartSlice.swift */ = {isa = PBXFileReference; lastKnownFileType = sourcecode.swift; path = PieChartSlice.swift; sourceTree = "<group>"; };
		5A23DE852C03314400F9840B /* EmotionLabelView.swift */ = {isa = PBXFileReference; lastKnownFileType = sourcecode.swift; path = EmotionLabelView.swift; sourceTree = "<group>"; };
		5A23DE872C03344B00F9840B /* BarChartView.swift */ = {isa = PBXFileReference; lastKnownFileType = sourcecode.swift; path = BarChartView.swift; sourceTree = "<group>"; };
		5A23DE8B2C03954600F9840B /* LoginView.swift */ = {isa = PBXFileReference; lastKnownFileType = sourcecode.swift; path = LoginView.swift; sourceTree = "<group>"; };
		5A50A01A2C1F25F700FE02BF /* SupabaseConfig.swift */ = {isa = PBXFileReference; lastKnownFileType = sourcecode.swift; path = SupabaseConfig.swift; sourceTree = "<group>"; };
		5A50A01C2C1F2CBB00FE02BF /* UpdateEmpathResponse.swift */ = {isa = PBXFileReference; lastKnownFileType = sourcecode.swift; path = UpdateEmpathResponse.swift; sourceTree = "<group>"; };
		5A50A01E2C1F473100FE02BF /* SelectEmpathResult.swift */ = {isa = PBXFileReference; lastKnownFileType = sourcecode.swift; path = SelectEmpathResult.swift; sourceTree = "<group>"; };
		5A50A0202C1F47BC00FE02BF /* EmpathResponse.swift */ = {isa = PBXFileReference; lastKnownFileType = sourcecode.swift; path = EmpathResponse.swift; sourceTree = "<group>"; };
		5A50A0222C20A03F00FE02BF /* DepressionJudgmentView.swift */ = {isa = PBXFileReference; lastKnownFileType = sourcecode.swift; path = DepressionJudgmentView.swift; sourceTree = "<group>"; };
		5A50A0242C21CB7B00FE02BF /* UpdateDepressionResult.swift */ = {isa = PBXFileReference; lastKnownFileType = sourcecode.swift; path = UpdateDepressionResult.swift; sourceTree = "<group>"; };
		5A50A0262C21D0FB00FE02BF /* DepressionView.swift */ = {isa = PBXFileReference; lastKnownFileType = sourcecode.swift; path = DepressionView.swift; sourceTree = "<group>"; };
		5A50A0282C21D3B100FE02BF /* SelectDepressionResult.swift */ = {isa = PBXFileReference; lastKnownFileType = sourcecode.swift; path = SelectDepressionResult.swift; sourceTree = "<group>"; };
		5A50A02A2C24843600FE02BF /* TalkSelectionView.swift */ = {isa = PBXFileReference; lastKnownFileType = sourcecode.swift; path = TalkSelectionView.swift; sourceTree = "<group>"; };
		5A50A02E2C26027900FE02BF /* SystemContent.swift */ = {isa = PBXFileReference; lastKnownFileType = sourcecode.swift; path = SystemContent.swift; sourceTree = "<group>"; };
		5A50A0322C283B7300FE02BF /* EmotionDataTransformer.swift */ = {isa = PBXFileReference; lastKnownFileType = sourcecode.swift; path = EmotionDataTransformer.swift; sourceTree = "<group>"; };
		5A50A0342C283FE300FE02BF /* UpdatePyFeatResponse.swift */ = {isa = PBXFileReference; lastKnownFileType = sourcecode.swift; path = UpdatePyFeatResponse.swift; sourceTree = "<group>"; };
		5A50A0362C2841E500FE02BF /* PyFeatResponse.swift */ = {isa = PBXFileReference; lastKnownFileType = sourcecode.swift; path = PyFeatResponse.swift; sourceTree = "<group>"; };
		5A50A0382C2858C300FE02BF /* SelectPyFeatResult.swift */ = {isa = PBXFileReference; lastKnownFileType = sourcecode.swift; path = SelectPyFeatResult.swift; sourceTree = "<group>"; };
		5A50A03C2C2B094B00FE02BF /* AnalysisEmpath.swift */ = {isa = PBXFileReference; lastKnownFileType = sourcecode.swift; path = AnalysisEmpath.swift; sourceTree = "<group>"; };
		5A50A0442C304F7700FE02BF /* TestEmpathResponse.swift */ = {isa = PBXFileReference; lastKnownFileType = sourcecode.swift; path = TestEmpathResponse.swift; sourceTree = "<group>"; };
		5A5FF5BF2C330DE500F9CF9A /* SelectEmpathLog.swift */ = {isa = PBXFileReference; lastKnownFileType = sourcecode.swift; path = SelectEmpathLog.swift; sourceTree = "<group>"; };
		5A5FF5C12C33121E00F9CF9A /* EmpathProgressResponse.swift */ = {isa = PBXFileReference; lastKnownFileType = sourcecode.swift; path = EmpathProgressResponse.swift; sourceTree = "<group>"; };
		5A5FF5C32C343AB300F9CF9A /* EmpathProgressBarChartView.swift */ = {isa = PBXFileReference; lastKnownFileType = sourcecode.swift; path = EmpathProgressBarChartView.swift; sourceTree = "<group>"; };
		5A5FF5C52C36FE6F00F9CF9A /* StressLevel.swift */ = {isa = PBXFileReference; lastKnownFileType = sourcecode.swift; path = StressLevel.swift; sourceTree = "<group>"; };
		5A5FF5CD2C3A651000F9CF9A /* CbtType.swift */ = {isa = PBXFileReference; lastKnownFileType = sourcecode.swift; path = CbtType.swift; sourceTree = "<group>"; };
		5A5FF5CF2C3A66C700F9CF9A /* UpdateCbtType.swift */ = {isa = PBXFileReference; lastKnownFileType = sourcecode.swift; path = UpdateCbtType.swift; sourceTree = "<group>"; };
		5A5FF5D52C3ADF1500F9CF9A /* DeleteLogData.swift */ = {isa = PBXFileReference; lastKnownFileType = sourcecode.swift; path = DeleteLogData.swift; sourceTree = "<group>"; };
		5A5FF5D72C3AE03500F9CF9A /* LogResetFormView.swift */ = {isa = PBXFileReference; lastKnownFileType = sourcecode.swift; path = LogResetFormView.swift; sourceTree = "<group>"; };
		5A5FF5D92C3AE41A00F9CF9A /* DeleteCBTLogData.swift */ = {isa = PBXFileReference; lastKnownFileType = sourcecode.swift; path = DeleteCBTLogData.swift; sourceTree = "<group>"; };
		5A6D16962C0E0BB50072CA4B /* InterjectionVoice.swift */ = {isa = PBXFileReference; lastKnownFileType = sourcecode.swift; path = InterjectionVoice.swift; sourceTree = "<group>"; };
		5A8814FF2C9C4B3E001662F0 /* Secret.xcconfig */ = {isa = PBXFileReference; lastKnownFileType = text.xcconfig; path = Secret.xcconfig; sourceTree = "<group>"; };
		5A8815002C9C4CA1001662F0 /* GoogleService-Info.plist */ = {isa = PBXFileReference; fileEncoding = 4; lastKnownFileType = text.plist.xml; name = "GoogleService-Info.plist"; path = "../../../Downloads/GoogleService-Info.plist"; sourceTree = "<group>"; };
		5A8815022C9C4D3D001662F0 /* ElevenLabsTTS.swift */ = {isa = PBXFileReference; lastKnownFileType = sourcecode.swift; path = ElevenLabsTTS.swift; sourceTree = "<group>"; };
		5A8815062CA2E740001662F0 /* OthelloView.swift */ = {isa = PBXFileReference; lastKnownFileType = sourcecode.swift; path = OthelloView.swift; sourceTree = "<group>"; };
		5A8DF1352C10B3A100979A47 /* TextChat.swift */ = {isa = PBXFileReference; lastKnownFileType = sourcecode.swift; path = TextChat.swift; sourceTree = "<group>"; };
		5A8DF1372C10C22900979A47 /* CounselorList.swift */ = {isa = PBXFileReference; lastKnownFileType = sourcecode.swift; path = CounselorList.swift; sourceTree = "<group>"; };
		5A8DF1392C10C29200979A47 /* Counselor.swift */ = {isa = PBXFileReference; lastKnownFileType = sourcecode.swift; path = Counselor.swift; sourceTree = "<group>"; };
		5A8DF13B2C10C94600979A47 /* MainView.swift */ = {isa = PBXFileReference; lastKnownFileType = sourcecode.swift; path = MainView.swift; sourceTree = "<group>"; };
		5A8DF13D2C148D5600979A47 /* ContentViewWithMenu.swift */ = {isa = PBXFileReference; lastKnownFileType = sourcecode.swift; path = ContentViewWithMenu.swift; sourceTree = "<group>"; };
		5A8DF1422C15E01C00979A47 /* AudioRecorder.swift */ = {isa = PBXFileReference; lastKnownFileType = sourcecode.swift; path = AudioRecorder.swift; sourceTree = "<group>"; };
		5A8DF1442C15E0B100979A47 /* analyzeWav.swift */ = {isa = PBXFileReference; lastKnownFileType = sourcecode.swift; path = analyzeWav.swift; sourceTree = "<group>"; };
		5A8DF1462C15E14400979A47 /* EmpathView.swift */ = {isa = PBXFileReference; lastKnownFileType = sourcecode.swift; path = EmpathView.swift; sourceTree = "<group>"; };
		5A8DF1482C15E94500979A47 /* AudioPlayer.swift */ = {isa = PBXFileReference; lastKnownFileType = sourcecode.swift; path = AudioPlayer.swift; sourceTree = "<group>"; };
		5AB64F802C416DA700CA3D53 /* HamburgerMenuIcon.swift */ = {isa = PBXFileReference; lastKnownFileType = sourcecode.swift; path = HamburgerMenuIcon.swift; sourceTree = "<group>"; };
		5ABE9D072BEF6E90002213F2 /* AICounseling.app */ = {isa = PBXFileReference; explicitFileType = wrapper.application; includeInIndex = 0; path = AICounseling.app; sourceTree = BUILT_PRODUCTS_DIR; };
		5ABE9D0A2BEF6E90002213F2 /* AICounselingApp.swift */ = {isa = PBXFileReference; lastKnownFileType = sourcecode.swift; path = AICounselingApp.swift; sourceTree = "<group>"; };
		5ABE9D0C2BEF6E90002213F2 /* ContentView.swift */ = {isa = PBXFileReference; lastKnownFileType = sourcecode.swift; path = ContentView.swift; sourceTree = "<group>"; };
		5ABE9D0E2BEF6E91002213F2 /* Assets.xcassets */ = {isa = PBXFileReference; lastKnownFileType = folder.assetcatalog; path = Assets.xcassets; sourceTree = "<group>"; };
		5ABE9D112BEF6E91002213F2 /* Preview Assets.xcassets */ = {isa = PBXFileReference; lastKnownFileType = folder.assetcatalog; path = "Preview Assets.xcassets"; sourceTree = "<group>"; };
		5ABE9D182BEF6EDC002213F2 /* TopView.swift */ = {isa = PBXFileReference; lastKnownFileType = sourcecode.swift; path = TopView.swift; sourceTree = "<group>"; };
		5ABE9D1A2BEF6EF8002213F2 /* voiceChat.swift */ = {isa = PBXFileReference; lastKnownFileType = sourcecode.swift; path = voiceChat.swift; sourceTree = "<group>"; };
		899CE65A2C3C3804002C01E1 /* FCMManager.swift */ = {isa = PBXFileReference; fileEncoding = 4; lastKnownFileType = sourcecode.swift; path = FCMManager.swift; sourceTree = "<group>"; };
		89A9D6752C0B6E2000FAE490 /* UserRegistView.swift */ = {isa = PBXFileReference; lastKnownFileType = sourcecode.swift; path = UserRegistView.swift; sourceTree = "<group>"; };
		89A9D6772C0B810E00FAE490 /* SessionManager.swift */ = {isa = PBXFileReference; lastKnownFileType = sourcecode.swift; path = SessionManager.swift; sourceTree = "<group>"; };
		89C444E22C24996100179235 /* EncryptionAES.swift */ = {isa = PBXFileReference; lastKnownFileType = sourcecode.swift; path = EncryptionAES.swift; sourceTree = "<group>"; };
		89C81AC42C282733005FA7E1 /* AICounseling.entitlements */ = {isa = PBXFileReference; lastKnownFileType = text.plist.entitlements; path = AICounseling.entitlements; sourceTree = "<group>"; };
/* End PBXFileReference section */

/* Begin PBXFrameworksBuildPhase section */
		5ABE9D042BEF6E90002213F2 /* Frameworks */ = {
			isa = PBXFrameworksBuildPhase;
			buildActionMask = 2147483647;
			files = (
				89C444E12C24965300179235 /* CryptoSwift in Frameworks */,
				5A23DE972C03963100F9840B /* Storage in Frameworks */,
				5A23DE912C03963100F9840B /* Functions in Frameworks */,
				89E220582C15A2D300F39D2D /* FirebaseMessaging in Frameworks */,
				5A23DE992C03963100F9840B /* Supabase in Frameworks */,
				5A18A5862C1CB88A00C0643A /* SwiftOpenAI in Frameworks */,
				5A8DF1342C10B17C00979A47 /* (null) in Frameworks */,
				5A8DF1412C14C5AD00979A47 /* (null) in Frameworks */,
				5A23DE952C03963100F9840B /* Realtime in Frameworks */,
				5A23DE8F2C03963100F9840B /* Auth in Frameworks */,
				5A23DE932C03963100F9840B /* PostgREST in Frameworks */,
				89A9D67D2C0B956C00FAE490 /* OpenAISwift in Frameworks */,
				89E220542C1596B200F39D2D /* FirebaseAnalytics in Frameworks */,
			);
			runOnlyForDeploymentPostprocessing = 0;
		};
/* End PBXFrameworksBuildPhase section */

/* Begin PBXGroup section */
		5A23DE692C03206700F9840B /* Models */ = {
			isa = PBXGroup;
			children = (
				5A23DE712C03221D00F9840B /* EmotionResponse.swift */,
				5A8DF1392C10C29200979A47 /* Counselor.swift */,
				5A50A0202C1F47BC00FE02BF /* EmpathResponse.swift */,
				5A50A02E2C26027900FE02BF /* SystemContent.swift */,
				5A50A0362C2841E500FE02BF /* PyFeatResponse.swift */,
				5A50A0442C304F7700FE02BF /* TestEmpathResponse.swift */,
				5A5FF5C12C33121E00F9CF9A /* EmpathProgressResponse.swift */,
				5A5FF5C52C36FE6F00F9CF9A /* StressLevel.swift */,
				5A5FF5CD2C3A651000F9CF9A /* CbtType.swift */,
			);
			path = Models;
			sourceTree = "<group>";
		};
		5A23DE6C2C0321B100F9840B /* Views */ = {
			isa = PBXGroup;
			children = (
				5A23DE6D2C0321CF00F9840B /* PyFeatView.swift */,
				5A23DE6F2C0321F600F9840B /* EmotionView.swift */,
				5A23DE7C2C032B3C00F9840B /* PieChartView.swift */,
				5A23DE802C032CBE00F9840B /* PieChartSlice.swift */,
				5A23DE852C03314400F9840B /* EmotionLabelView.swift */,
				5A23DE872C03344B00F9840B /* BarChartView.swift */,
				5ABE9D182BEF6EDC002213F2 /* TopView.swift */,
				5A23DE8B2C03954600F9840B /* LoginView.swift */,
				5A8DF1352C10B3A100979A47 /* TextChat.swift */,
				5A8DF1372C10C22900979A47 /* CounselorList.swift */,
				5A8DF13B2C10C94600979A47 /* MainView.swift */,
				5A8DF13D2C148D5600979A47 /* ContentViewWithMenu.swift */,
				5A8DF1462C15E14400979A47 /* EmpathView.swift */,
				5A1CBE8E2C1C803A0007049C /* EmpathGraphView.swift */,
				5A1CBE902C1C834F0007049C /* EnergyPieChartView.swift */,
				89A9D6752C0B6E2000FAE490 /* UserRegistView.swift */,
				5A50A0222C20A03F00FE02BF /* DepressionJudgmentView.swift */,
				5A50A0262C21D0FB00FE02BF /* DepressionView.swift */,
				5A50A02A2C24843600FE02BF /* TalkSelectionView.swift */,
				5A5FF5C32C343AB300F9CF9A /* EmpathProgressBarChartView.swift */,
				5A5FF5D72C3AE03500F9CF9A /* LogResetFormView.swift */,
				5A8815062CA2E740001662F0 /* OthelloView.swift */,
			);
			path = Views;
			sourceTree = "<group>";
		};
		5A23DE732C03223E00F9840B /* Utilities */ = {
			isa = PBXGroup;
			children = (
				899CE65A2C3C3804002C01E1 /* FCMManager.swift */,
				5A6D16962C0E0BB50072CA4B /* InterjectionVoice.swift */,
				5A23DE742C03224B00F9840B /* ImageResizer.swift */,
				5A18A5822C1CB81800C0643A /* CreateAudioViewModel.swift */,
				5A50A01A2C1F25F700FE02BF /* SupabaseConfig.swift */,
				89C444E22C24996100179235 /* EncryptionAES.swift */,
				5A50A0322C283B7300FE02BF /* EmotionDataTransformer.swift */,
			);
			path = Utilities;
			sourceTree = "<group>";
		};
		5A23DE762C03226200F9840B /* Services */ = {
			isa = PBXGroup;
			children = (
				5A23DE772C03226F00F9840B /* ImageUploadService.swift */,
				5A8DF1422C15E01C00979A47 /* AudioRecorder.swift */,
				5A8DF1442C15E0B100979A47 /* analyzeWav.swift */,
				5A8DF1482C15E94500979A47 /* AudioPlayer.swift */,
				5A18A57E2C1CB7C700C0643A /* SpeechRecorder.swift */,
				5A18A5802C1CB7EA00C0643A /* ChatGPTService.swift */,
				5A50A01C2C1F2CBB00FE02BF /* UpdateEmpathResponse.swift */,
				5A50A01E2C1F473100FE02BF /* SelectEmpathResult.swift */,
				5A50A0242C21CB7B00FE02BF /* UpdateDepressionResult.swift */,
				5A50A0282C21D3B100FE02BF /* SelectDepressionResult.swift */,
				5A50A0342C283FE300FE02BF /* UpdatePyFeatResponse.swift */,
				5A50A0382C2858C300FE02BF /* SelectPyFeatResult.swift */,
				5A50A03C2C2B094B00FE02BF /* AnalysisEmpath.swift */,
				5A5FF5BF2C330DE500F9CF9A /* SelectEmpathLog.swift */,
				5A5FF5CF2C3A66C700F9CF9A /* UpdateCbtType.swift */,
				5A5FF5D52C3ADF1500F9CF9A /* DeleteLogData.swift */,
				5A5FF5D92C3AE41A00F9CF9A /* DeleteCBTLogData.swift */,
				5A8815022C9C4D3D001662F0 /* ElevenLabsTTS.swift */,
			);
			path = Services;
			sourceTree = "<group>";
		};
		5A23DE792C03235B00F9840B /* Components */ = {
			isa = PBXGroup;
			children = (
				5A23DE7A2C03236700F9840B /* ImagePicker.swift */,
				5A18A57C2C1CB7A100C0643A /* MessageView.swift */,
				5AB64F802C416DA700CA3D53 /* HamburgerMenuIcon.swift */,
			);
			path = Components;
			sourceTree = "<group>";
		};
		5ABE9CFE2BEF6E90002213F2 = {
			isa = PBXGroup;
			children = (
				5A8814FF2C9C4B3E001662F0 /* Secret.xcconfig */,
				5A23DE552BF9537200F9840B /* .gitignore */,
				5ABE9D092BEF6E90002213F2 /* AICounseling */,
				5ABE9D082BEF6E90002213F2 /* Products */,
				89B9F5F72BFA4BA600A6B081 /* Frameworks */,
			);
			sourceTree = "<group>";
		};
		5ABE9D082BEF6E90002213F2 /* Products */ = {
			isa = PBXGroup;
			children = (
				5ABE9D072BEF6E90002213F2 /* AICounseling.app */,
			);
			name = Products;
			sourceTree = "<group>";
		};
		5ABE9D092BEF6E90002213F2 /* AICounseling */ = {
			isa = PBXGroup;
			children = (
				89C81AC42C282733005FA7E1 /* AICounseling.entitlements */,
				5A23DE792C03235B00F9840B /* Components */,
				5A23DE762C03226200F9840B /* Services */,
				5A23DE732C03223E00F9840B /* Utilities */,
				5A23DE6C2C0321B100F9840B /* Views */,
				5A23DE692C03206700F9840B /* Models */,
				5A23DE562BF953B900F9840B /* Info.plist */,
				5ABE9D0A2BEF6E90002213F2 /* AICounselingApp.swift */,
				5ABE9D1A2BEF6EF8002213F2 /* voiceChat.swift */,
				5ABE9D0C2BEF6E90002213F2 /* ContentView.swift */,
				5A8815002C9C4CA1001662F0 /* GoogleService-Info.plist */,
				5ABE9D0E2BEF6E91002213F2 /* Assets.xcassets */,
				5ABE9D102BEF6E91002213F2 /* Preview Content */,
				5A23DE5E2BFFA19F00F9840B /* EmotionModel.swift */,
				89A9D6772C0B810E00FAE490 /* SessionManager.swift */,
			);
			path = AICounseling;
			sourceTree = "<group>";
		};
		5ABE9D102BEF6E91002213F2 /* Preview Content */ = {
			isa = PBXGroup;
			children = (
				5ABE9D112BEF6E91002213F2 /* Preview Assets.xcassets */,
			);
			path = "Preview Content";
			sourceTree = "<group>";
		};
		89B9F5F72BFA4BA600A6B081 /* Frameworks */ = {
			isa = PBXGroup;
			children = (
			);
			name = Frameworks;
			sourceTree = "<group>";
		};
/* End PBXGroup section */

/* Begin PBXNativeTarget section */
		5ABE9D062BEF6E90002213F2 /* AICounseling */ = {
			isa = PBXNativeTarget;
			buildConfigurationList = 5ABE9D152BEF6E91002213F2 /* Build configuration list for PBXNativeTarget "AICounseling" */;
			buildPhases = (
				5ABE9D032BEF6E90002213F2 /* Sources */,
				5ABE9D042BEF6E90002213F2 /* Frameworks */,
				5ABE9D052BEF6E90002213F2 /* Resources */,
			);
			buildRules = (
			);
			dependencies = (
			);
			name = AICounseling;
			packageProductDependencies = (
				5A23DE8E2C03963100F9840B /* Auth */,
				5A23DE902C03963100F9840B /* Functions */,
				5A23DE922C03963100F9840B /* PostgREST */,
				5A23DE942C03963100F9840B /* Realtime */,
				5A23DE962C03963100F9840B /* Storage */,
				5A23DE982C03963100F9840B /* Supabase */,
				89A9D67C2C0B956C00FAE490 /* OpenAISwift */,
				89E220532C1596B200F39D2D /* FirebaseAnalytics */,
				89E220572C15A2D300F39D2D /* FirebaseMessaging */,
				5A18A5852C1CB88A00C0643A /* SwiftOpenAI */,
				89C444E02C24965300179235 /* CryptoSwift */,
			);
			productName = AICounseling;
			productReference = 5ABE9D072BEF6E90002213F2 /* AICounseling.app */;
			productType = "com.apple.product-type.application";
		};
/* End PBXNativeTarget section */

/* Begin PBXProject section */
		5ABE9CFF2BEF6E90002213F2 /* Project object */ = {
			isa = PBXProject;
			attributes = {
				BuildIndependentTargetsInParallel = 1;
				LastSwiftUpdateCheck = 1530;
				LastUpgradeCheck = 1530;
				TargetAttributes = {
					5ABE9D062BEF6E90002213F2 = {
						CreatedOnToolsVersion = 15.3;
					};
				};
			};
			buildConfigurationList = 5ABE9D022BEF6E90002213F2 /* Build configuration list for PBXProject "AICounseling" */;
			compatibilityVersion = "Xcode 14.0";
			developmentRegion = en;
			hasScannedForEncodings = 0;
			knownRegions = (
				en,
				Base,
			);
			mainGroup = 5ABE9CFE2BEF6E90002213F2;
			packageReferences = (
				89A9D67B2C0B956C00FAE490 /* XCRemoteSwiftPackageReference "OpenAISwift" */,
				89E220522C1596B200F39D2D /* XCRemoteSwiftPackageReference "firebase-ios-sdk" */,
				5A18A5842C1CB88900C0643A /* XCRemoteSwiftPackageReference "SwiftOpenAI" */,
				5A18A5872C1CBB4100C0643A /* XCRemoteSwiftPackageReference "supabase-swift" */,
				89C444DF2C24965300179235 /* XCRemoteSwiftPackageReference "CryptoSwift" */,
			);
			productRefGroup = 5ABE9D082BEF6E90002213F2 /* Products */;
			projectDirPath = "";
			projectRoot = "";
			targets = (
				5ABE9D062BEF6E90002213F2 /* AICounseling */,
			);
		};
/* End PBXProject section */

/* Begin PBXResourcesBuildPhase section */
		5ABE9D052BEF6E90002213F2 /* Resources */ = {
			isa = PBXResourcesBuildPhase;
			buildActionMask = 2147483647;
			files = (
				5ABE9D122BEF6E91002213F2 /* Preview Assets.xcassets in Resources */,
				5ABE9D0F2BEF6E91002213F2 /* Assets.xcassets in Resources */,
				5A8815012C9C4CA1001662F0 /* GoogleService-Info.plist in Resources */,
			);
			runOnlyForDeploymentPostprocessing = 0;
		};
/* End PBXResourcesBuildPhase section */

/* Begin PBXSourcesBuildPhase section */
		5ABE9D032BEF6E90002213F2 /* Sources */ = {
			isa = PBXSourcesBuildPhase;
			buildActionMask = 2147483647;
			files = (
				5A6D16972C0E0BB50072CA4B /* InterjectionVoice.swift in Sources */,
				5A50A0212C1F47BC00FE02BF /* EmpathResponse.swift in Sources */,
				5A5FF5C22C33121E00F9CF9A /* EmpathProgressResponse.swift in Sources */,
				5A5FF5D02C3A66C700F9CF9A /* UpdateCbtType.swift in Sources */,
				5A5FF5D82C3AE03500F9CF9A /* LogResetFormView.swift in Sources */,
				5A50A0332C283B7300FE02BF /* EmotionDataTransformer.swift in Sources */,
				5A50A0272C21D0FB00FE02BF /* DepressionView.swift in Sources */,
				5A50A02B2C24843600FE02BF /* TalkSelectionView.swift in Sources */,
				5A50A0452C304F7700FE02BF /* TestEmpathResponse.swift in Sources */,
				5A50A0252C21CB7B00FE02BF /* UpdateDepressionResult.swift in Sources */,
				5A50A0292C21D3B100FE02BF /* SelectDepressionResult.swift in Sources */,
				5A1CBE912C1C834F0007049C /* EnergyPieChartView.swift in Sources */,
				5A5FF5CE2C3A651000F9CF9A /* CbtType.swift in Sources */,
				5A23DE702C0321F600F9840B /* EmotionView.swift in Sources */,
				5ABE9D1B2BEF6EF8002213F2 /* voiceChat.swift in Sources */,
				5A23DE7B2C03236700F9840B /* ImagePicker.swift in Sources */,
				5A5FF5C02C330DE500F9CF9A /* SelectEmpathLog.swift in Sources */,
				5A23DE752C03224B00F9840B /* ImageResizer.swift in Sources */,
				5A50A0352C283FE300FE02BF /* UpdatePyFeatResponse.swift in Sources */,
				5A8DF13E2C148D5600979A47 /* ContentViewWithMenu.swift in Sources */,
				899CE65B2C3C3804002C01E1 /* FCMManager.swift in Sources */,
				5A1CBE8F2C1C803A0007049C /* EmpathGraphView.swift in Sources */,
				5A23DE8C2C03954600F9840B /* LoginView.swift in Sources */,
				5A50A01F2C1F473100FE02BF /* SelectEmpathResult.swift in Sources */,
				5A8DF1472C15E14400979A47 /* EmpathView.swift in Sources */,
				5A8815032C9C4D3D001662F0 /* ElevenLabsTTS.swift in Sources */,
				5A8DF1362C10B3A100979A47 /* TextChat.swift in Sources */,
				5A8DF1492C15E94500979A47 /* AudioPlayer.swift in Sources */,
				5A23DE782C03226F00F9840B /* ImageUploadService.swift in Sources */,
				5A8DF1432C15E01C00979A47 /* AudioRecorder.swift in Sources */,
				5A8815072CA2E740001662F0 /* OthelloView.swift in Sources */,
				5A23DE812C032CBE00F9840B /* PieChartSlice.swift in Sources */,
				5A50A0232C20A03F00FE02BF /* DepressionJudgmentView.swift in Sources */,
				89A9D6762C0B6E2000FAE490 /* UserRegistView.swift in Sources */,
				5A18A5812C1CB7EA00C0643A /* ChatGPTService.swift in Sources */,
				5A23DE722C03221D00F9840B /* EmotionResponse.swift in Sources */,
				89A9D6782C0B810E00FAE490 /* SessionManager.swift in Sources */,
				5A8DF13A2C10C29200979A47 /* Counselor.swift in Sources */,
				5ABE9D0D2BEF6E90002213F2 /* ContentView.swift in Sources */,
				5A5FF5C62C36FE6F00F9CF9A /* StressLevel.swift in Sources */,
				5A23DE7D2C032B3C00F9840B /* PieChartView.swift in Sources */,
				5A18A57F2C1CB7C700C0643A /* SpeechRecorder.swift in Sources */,
				89C444E32C24996100179235 /* EncryptionAES.swift in Sources */,
				5A8DF1382C10C22900979A47 /* CounselorList.swift in Sources */,
				5A50A01D2C1F2CBB00FE02BF /* UpdateEmpathResponse.swift in Sources */,
				5A50A03D2C2B094B00FE02BF /* AnalysisEmpath.swift in Sources */,
				5A18A5832C1CB81800C0643A /* CreateAudioViewModel.swift in Sources */,
				5A8DF13C2C10C94600979A47 /* MainView.swift in Sources */,
				5ABE9D192BEF6EDC002213F2 /* TopView.swift in Sources */,
				5A5FF5D62C3ADF1500F9CF9A /* DeleteLogData.swift in Sources */,
				5A5FF5C42C343AB300F9CF9A /* EmpathProgressBarChartView.swift in Sources */,
				5A50A02F2C26027900FE02BF /* SystemContent.swift in Sources */,
				5ABE9D0B2BEF6E90002213F2 /* AICounselingApp.swift in Sources */,
				5A18A57D2C1CB7A100C0643A /* MessageView.swift in Sources */,
				5AB64F812C416DA700CA3D53 /* HamburgerMenuIcon.swift in Sources */,
				5A8DF1452C15E0B100979A47 /* analyzeWav.swift in Sources */,
				5A23DE5F2BFFA19F00F9840B /* EmotionModel.swift in Sources */,
				5A50A0372C2841E500FE02BF /* PyFeatResponse.swift in Sources */,
				5A50A0392C2858C300FE02BF /* SelectPyFeatResult.swift in Sources */,
				5A23DE6E2C0321CF00F9840B /* PyFeatView.swift in Sources */,
				5A23DE862C03314400F9840B /* EmotionLabelView.swift in Sources */,
				5A23DE882C03344B00F9840B /* BarChartView.swift in Sources */,
				5A5FF5DA2C3AE41A00F9CF9A /* DeleteCBTLogData.swift in Sources */,
				5A50A01B2C1F25F700FE02BF /* SupabaseConfig.swift in Sources */,
			);
			runOnlyForDeploymentPostprocessing = 0;
		};
/* End PBXSourcesBuildPhase section */

/* Begin XCBuildConfiguration section */
		5ABE9D132BEF6E91002213F2 /* Debug */ = {
			isa = XCBuildConfiguration;
			baseConfigurationReference = 5A8814FF2C9C4B3E001662F0 /* Secret.xcconfig */;
			buildSettings = {
				ALWAYS_SEARCH_USER_PATHS = NO;
				ASSETCATALOG_COMPILER_GENERATE_SWIFT_ASSET_SYMBOL_EXTENSIONS = YES;
				CLANG_ANALYZER_NONNULL = YES;
				CLANG_ANALYZER_NUMBER_OBJECT_CONVERSION = YES_AGGRESSIVE;
				CLANG_CXX_LANGUAGE_STANDARD = "gnu++20";
				CLANG_ENABLE_MODULES = YES;
				CLANG_ENABLE_OBJC_ARC = YES;
				CLANG_ENABLE_OBJC_WEAK = YES;
				CLANG_WARN_BLOCK_CAPTURE_AUTORELEASING = YES;
				CLANG_WARN_BOOL_CONVERSION = YES;
				CLANG_WARN_COMMA = YES;
				CLANG_WARN_CONSTANT_CONVERSION = YES;
				CLANG_WARN_DEPRECATED_OBJC_IMPLEMENTATIONS = YES;
				CLANG_WARN_DIRECT_OBJC_ISA_USAGE = YES_ERROR;
				CLANG_WARN_DOCUMENTATION_COMMENTS = YES;
				CLANG_WARN_EMPTY_BODY = YES;
				CLANG_WARN_ENUM_CONVERSION = YES;
				CLANG_WARN_INFINITE_RECURSION = YES;
				CLANG_WARN_INT_CONVERSION = YES;
				CLANG_WARN_NON_LITERAL_NULL_CONVERSION = YES;
				CLANG_WARN_OBJC_IMPLICIT_RETAIN_SELF = YES;
				CLANG_WARN_OBJC_LITERAL_CONVERSION = YES;
				CLANG_WARN_OBJC_ROOT_CLASS = YES_ERROR;
				CLANG_WARN_QUOTED_INCLUDE_IN_FRAMEWORK_HEADER = YES;
				CLANG_WARN_RANGE_LOOP_ANALYSIS = YES;
				CLANG_WARN_STRICT_PROTOTYPES = YES;
				CLANG_WARN_SUSPICIOUS_MOVE = YES;
				CLANG_WARN_UNGUARDED_AVAILABILITY = YES_AGGRESSIVE;
				CLANG_WARN_UNREACHABLE_CODE = YES;
				CLANG_WARN__DUPLICATE_METHOD_MATCH = YES;
				COPY_PHASE_STRIP = NO;
				DEBUG_INFORMATION_FORMAT = dwarf;
				ENABLE_STRICT_OBJC_MSGSEND = YES;
				ENABLE_TESTABILITY = YES;
				ENABLE_USER_SCRIPT_SANDBOXING = YES;
				GCC_C_LANGUAGE_STANDARD = gnu17;
				GCC_DYNAMIC_NO_PIC = NO;
				GCC_NO_COMMON_BLOCKS = YES;
				GCC_OPTIMIZATION_LEVEL = 0;
				GCC_PREPROCESSOR_DEFINITIONS = (
					"DEBUG=1",
					"$(inherited)",
				);
				GCC_WARN_64_TO_32_BIT_CONVERSION = YES;
				GCC_WARN_ABOUT_RETURN_TYPE = YES_ERROR;
				GCC_WARN_UNDECLARED_SELECTOR = YES;
				GCC_WARN_UNINITIALIZED_AUTOS = YES_AGGRESSIVE;
				GCC_WARN_UNUSED_FUNCTION = YES;
				GCC_WARN_UNUSED_VARIABLE = YES;
				IPHONEOS_DEPLOYMENT_TARGET = 17.0;
				LOCALIZATION_PREFERS_STRING_CATALOGS = YES;
				MTL_ENABLE_DEBUG_INFO = INCLUDE_SOURCE;
				MTL_FAST_MATH = YES;
				ONLY_ACTIVE_ARCH = YES;
				SDKROOT = iphoneos;
				SWIFT_ACTIVE_COMPILATION_CONDITIONS = "DEBUG $(inherited)";
				SWIFT_OPTIMIZATION_LEVEL = "-Onone";
			};
			name = Debug;
		};
		5ABE9D142BEF6E91002213F2 /* Release */ = {
			isa = XCBuildConfiguration;
			baseConfigurationReference = 5A8814FF2C9C4B3E001662F0 /* Secret.xcconfig */;
			buildSettings = {
				ALWAYS_SEARCH_USER_PATHS = NO;
				ASSETCATALOG_COMPILER_GENERATE_SWIFT_ASSET_SYMBOL_EXTENSIONS = YES;
				CLANG_ANALYZER_NONNULL = YES;
				CLANG_ANALYZER_NUMBER_OBJECT_CONVERSION = YES_AGGRESSIVE;
				CLANG_CXX_LANGUAGE_STANDARD = "gnu++20";
				CLANG_ENABLE_MODULES = YES;
				CLANG_ENABLE_OBJC_ARC = YES;
				CLANG_ENABLE_OBJC_WEAK = YES;
				CLANG_WARN_BLOCK_CAPTURE_AUTORELEASING = YES;
				CLANG_WARN_BOOL_CONVERSION = YES;
				CLANG_WARN_COMMA = YES;
				CLANG_WARN_CONSTANT_CONVERSION = YES;
				CLANG_WARN_DEPRECATED_OBJC_IMPLEMENTATIONS = YES;
				CLANG_WARN_DIRECT_OBJC_ISA_USAGE = YES_ERROR;
				CLANG_WARN_DOCUMENTATION_COMMENTS = YES;
				CLANG_WARN_EMPTY_BODY = YES;
				CLANG_WARN_ENUM_CONVERSION = YES;
				CLANG_WARN_INFINITE_RECURSION = YES;
				CLANG_WARN_INT_CONVERSION = YES;
				CLANG_WARN_NON_LITERAL_NULL_CONVERSION = YES;
				CLANG_WARN_OBJC_IMPLICIT_RETAIN_SELF = YES;
				CLANG_WARN_OBJC_LITERAL_CONVERSION = YES;
				CLANG_WARN_OBJC_ROOT_CLASS = YES_ERROR;
				CLANG_WARN_QUOTED_INCLUDE_IN_FRAMEWORK_HEADER = YES;
				CLANG_WARN_RANGE_LOOP_ANALYSIS = YES;
				CLANG_WARN_STRICT_PROTOTYPES = YES;
				CLANG_WARN_SUSPICIOUS_MOVE = YES;
				CLANG_WARN_UNGUARDED_AVAILABILITY = YES_AGGRESSIVE;
				CLANG_WARN_UNREACHABLE_CODE = YES;
				CLANG_WARN__DUPLICATE_METHOD_MATCH = YES;
				COPY_PHASE_STRIP = NO;
				DEBUG_INFORMATION_FORMAT = "dwarf-with-dsym";
				ENABLE_NS_ASSERTIONS = NO;
				ENABLE_STRICT_OBJC_MSGSEND = YES;
				ENABLE_USER_SCRIPT_SANDBOXING = YES;
				GCC_C_LANGUAGE_STANDARD = gnu17;
				GCC_NO_COMMON_BLOCKS = YES;
				GCC_WARN_64_TO_32_BIT_CONVERSION = YES;
				GCC_WARN_ABOUT_RETURN_TYPE = YES_ERROR;
				GCC_WARN_UNDECLARED_SELECTOR = YES;
				GCC_WARN_UNINITIALIZED_AUTOS = YES_AGGRESSIVE;
				GCC_WARN_UNUSED_FUNCTION = YES;
				GCC_WARN_UNUSED_VARIABLE = YES;
				IPHONEOS_DEPLOYMENT_TARGET = 17.0;
				LOCALIZATION_PREFERS_STRING_CATALOGS = YES;
				MTL_ENABLE_DEBUG_INFO = NO;
				MTL_FAST_MATH = YES;
				ONLY_ACTIVE_ARCH = NO;
				SDKROOT = iphoneos;
				SWIFT_COMPILATION_MODE = wholemodule;
				VALIDATE_PRODUCT = YES;
			};
			name = Release;
		};
		5ABE9D162BEF6E91002213F2 /* Debug */ = {
			isa = XCBuildConfiguration;
			baseConfigurationReference = 5A8814FF2C9C4B3E001662F0 /* Secret.xcconfig */;
			buildSettings = {
				ASSETCATALOG_COMPILER_APPICON_NAME = AppIcon;
				ASSETCATALOG_COMPILER_GLOBAL_ACCENT_COLOR_NAME = AccentColor;
				CODE_SIGN_ENTITLEMENTS = AICounseling/AICounseling.entitlements;
				CODE_SIGN_STYLE = Automatic;
				CURRENT_PROJECT_VERSION = 1;
				DEVELOPMENT_ASSET_PATHS = "\"AICounseling/Preview Content\"";
				DEVELOPMENT_TEAM = JPWBC23PRD;
				ENABLE_PREVIEWS = YES;
				GENERATE_INFOPLIST_FILE = YES;
				INFOPLIST_FILE = AICounseling/Info.plist;
				INFOPLIST_KEY_CFBundleDisplayName = EmpowerME;
				INFOPLIST_KEY_LSApplicationCategoryType = "";
				INFOPLIST_KEY_NSCameraUsageDescription = "カメラ画像の取得に使います";
				INFOPLIST_KEY_NSMicrophoneUsageDescription = "音声出力に使います";
				INFOPLIST_KEY_NSSpeechRecognitionUsageDescription = "音声入力に使います";
				INFOPLIST_KEY_UIApplicationSceneManifest_Generation = YES;
				INFOPLIST_KEY_UIApplicationSupportsIndirectInputEvents = YES;
				INFOPLIST_KEY_UILaunchScreen_Generation = YES;
				INFOPLIST_KEY_UISupportedInterfaceOrientations_iPad = "UIInterfaceOrientationPortrait UIInterfaceOrientationPortraitUpsideDown UIInterfaceOrientationLandscapeLeft UIInterfaceOrientationLandscapeRight";
				INFOPLIST_KEY_UISupportedInterfaceOrientations_iPhone = "UIInterfaceOrientationPortrait UIInterfaceOrientationLandscapeLeft UIInterfaceOrientationLandscapeRight";
				IPHONEOS_DEPLOYMENT_TARGET = 16.0;
				LD_RUNPATH_SEARCH_PATHS = (
					"$(inherited)",
					"@executable_path/Frameworks",
				);
				MARKETING_VERSION = 1.0;
				PRODUCT_BUNDLE_IDENTIFIER = jp.empowerme.app;
				PRODUCT_NAME = "$(TARGET_NAME)";
				SWIFT_EMIT_LOC_STRINGS = YES;
				SWIFT_VERSION = 5.0;
				TARGETED_DEVICE_FAMILY = "1,2";
			};
			name = Debug;
		};
		5ABE9D172BEF6E91002213F2 /* Release */ = {
			isa = XCBuildConfiguration;
			baseConfigurationReference = 5A8814FF2C9C4B3E001662F0 /* Secret.xcconfig */;
			buildSettings = {
				ASSETCATALOG_COMPILER_APPICON_NAME = AppIcon;
				ASSETCATALOG_COMPILER_GLOBAL_ACCENT_COLOR_NAME = AccentColor;
				CODE_SIGN_ENTITLEMENTS = AICounseling/AICounseling.entitlements;
				CODE_SIGN_STYLE = Automatic;
				CURRENT_PROJECT_VERSION = 1;
				DEVELOPMENT_ASSET_PATHS = "\"AICounseling/Preview Content\"";
				DEVELOPMENT_TEAM = JPWBC23PRD;
				ENABLE_PREVIEWS = YES;
				GENERATE_INFOPLIST_FILE = YES;
				INFOPLIST_FILE = AICounseling/Info.plist;
				INFOPLIST_KEY_CFBundleDisplayName = EmpowerME;
				INFOPLIST_KEY_LSApplicationCategoryType = "";
				INFOPLIST_KEY_NSCameraUsageDescription = "カメラ画像の取得に使います";
				INFOPLIST_KEY_NSMicrophoneUsageDescription = "音声出力に使います";
				INFOPLIST_KEY_NSSpeechRecognitionUsageDescription = "音声入力に使います";
				INFOPLIST_KEY_UIApplicationSceneManifest_Generation = YES;
				INFOPLIST_KEY_UIApplicationSupportsIndirectInputEvents = YES;
				INFOPLIST_KEY_UILaunchScreen_Generation = YES;
				INFOPLIST_KEY_UISupportedInterfaceOrientations_iPad = "UIInterfaceOrientationPortrait UIInterfaceOrientationPortraitUpsideDown UIInterfaceOrientationLandscapeLeft UIInterfaceOrientationLandscapeRight";
				INFOPLIST_KEY_UISupportedInterfaceOrientations_iPhone = "UIInterfaceOrientationPortrait UIInterfaceOrientationLandscapeLeft UIInterfaceOrientationLandscapeRight";
				IPHONEOS_DEPLOYMENT_TARGET = 16.0;
				LD_RUNPATH_SEARCH_PATHS = (
					"$(inherited)",
					"@executable_path/Frameworks",
				);
				MARKETING_VERSION = 1.0;
				PRODUCT_BUNDLE_IDENTIFIER = jp.empowerme.app;
				PRODUCT_NAME = "$(TARGET_NAME)";
				SWIFT_EMIT_LOC_STRINGS = YES;
				SWIFT_VERSION = 5.0;
				TARGETED_DEVICE_FAMILY = "1,2";
			};
			name = Release;
		};
/* End XCBuildConfiguration section */

/* Begin XCConfigurationList section */
		5ABE9D022BEF6E90002213F2 /* Build configuration list for PBXProject "AICounseling" */ = {
			isa = XCConfigurationList;
			buildConfigurations = (
				5ABE9D132BEF6E91002213F2 /* Debug */,
				5ABE9D142BEF6E91002213F2 /* Release */,
			);
			defaultConfigurationIsVisible = 0;
			defaultConfigurationName = Release;
		};
		5ABE9D152BEF6E91002213F2 /* Build configuration list for PBXNativeTarget "AICounseling" */ = {
			isa = XCConfigurationList;
			buildConfigurations = (
				5ABE9D162BEF6E91002213F2 /* Debug */,
				5ABE9D172BEF6E91002213F2 /* Release */,
			);
			defaultConfigurationIsVisible = 0;
			defaultConfigurationName = Release;
		};
/* End XCConfigurationList section */

/* Begin XCRemoteSwiftPackageReference section */
		5A18A5842C1CB88900C0643A /* XCRemoteSwiftPackageReference "SwiftOpenAI" */ = {
			isa = XCRemoteSwiftPackageReference;
			repositoryURL = "https://github.com/SwiftBeta/SwiftOpenAI.git";
			requirement = {
				kind = upToNextMajorVersion;
				minimumVersion = 1.9.0;
			};
		};
		5A18A5872C1CBB4100C0643A /* XCRemoteSwiftPackageReference "supabase-swift" */ = {
			isa = XCRemoteSwiftPackageReference;
			repositoryURL = "https://github.com/supabase/supabase-swift.git";
			requirement = {
				kind = upToNextMajorVersion;
				minimumVersion = 2.5.1;
			};
		};
		89A9D67B2C0B956C00FAE490 /* XCRemoteSwiftPackageReference "OpenAISwift" */ = {
			isa = XCRemoteSwiftPackageReference;
			repositoryURL = "https://github.com/adamrushy/OpenAISwift.git";
			requirement = {
				kind = upToNextMajorVersion;
				minimumVersion = 1.4.1;
			};
		};
		89C444DF2C24965300179235 /* XCRemoteSwiftPackageReference "CryptoSwift" */ = {
			isa = XCRemoteSwiftPackageReference;
			repositoryURL = "https://github.com/krzyzanowskim/CryptoSwift.git";
			requirement = {
				kind = upToNextMajorVersion;
				minimumVersion = 1.8.2;
			};
		};
		89E220522C1596B200F39D2D /* XCRemoteSwiftPackageReference "firebase-ios-sdk" */ = {
			isa = XCRemoteSwiftPackageReference;
			repositoryURL = "https://github.com/firebase/firebase-ios-sdk";
			requirement = {
				kind = upToNextMajorVersion;
				minimumVersion = 10.27.0;
			};
		};
/* End XCRemoteSwiftPackageReference section */

/* Begin XCSwiftPackageProductDependency section */
		5A18A5852C1CB88A00C0643A /* SwiftOpenAI */ = {
			isa = XCSwiftPackageProductDependency;
			package = 5A18A5842C1CB88900C0643A /* XCRemoteSwiftPackageReference "SwiftOpenAI" */;
			productName = SwiftOpenAI;
		};
		5A23DE8E2C03963100F9840B /* Auth */ = {
			isa = XCSwiftPackageProductDependency;
			productName = Auth;
		};
		5A23DE902C03963100F9840B /* Functions */ = {
			isa = XCSwiftPackageProductDependency;
			productName = Functions;
		};
		5A23DE922C03963100F9840B /* PostgREST */ = {
			isa = XCSwiftPackageProductDependency;
			productName = PostgREST;
		};
		5A23DE942C03963100F9840B /* Realtime */ = {
			isa = XCSwiftPackageProductDependency;
			productName = Realtime;
		};
		5A23DE962C03963100F9840B /* Storage */ = {
			isa = XCSwiftPackageProductDependency;
			productName = Storage;
		};
		5A23DE982C03963100F9840B /* Supabase */ = {
			isa = XCSwiftPackageProductDependency;
			productName = Supabase;
		};
		89A9D67C2C0B956C00FAE490 /* OpenAISwift */ = {
			isa = XCSwiftPackageProductDependency;
			package = 89A9D67B2C0B956C00FAE490 /* XCRemoteSwiftPackageReference "OpenAISwift" */;
			productName = OpenAISwift;
		};
		89C444E02C24965300179235 /* CryptoSwift */ = {
			isa = XCSwiftPackageProductDependency;
			package = 89C444DF2C24965300179235 /* XCRemoteSwiftPackageReference "CryptoSwift" */;
			productName = CryptoSwift;
		};
		89E220532C1596B200F39D2D /* FirebaseAnalytics */ = {
			isa = XCSwiftPackageProductDependency;
			package = 89E220522C1596B200F39D2D /* XCRemoteSwiftPackageReference "firebase-ios-sdk" */;
			productName = FirebaseAnalytics;
		};
		89E220572C15A2D300F39D2D /* FirebaseMessaging */ = {
			isa = XCSwiftPackageProductDependency;
			productName = FirebaseMessaging;
		};
/* End XCSwiftPackageProductDependency section */
	};
	rootObject = 5ABE9CFF2BEF6E90002213F2 /* Project object */;
}
